
Microsoft Visual Studio Solution File, Format Version 12.00
# Visual Studio Version 17
VisualStudioVersion = 17.4.33205.214
MinimumVisualStudioVersion = 10.0.40219.1
Project("{9A19103F-16F7-4668-BE54-9A1E7A4F7556}") = "AlohaMaui.Api", "AlohaMaui.Api\AlohaMaui.Api.csproj", "{F7638F23-1A2D-45DF-A58E-A7A7558D8621}"
EndProject
Project("{FAE04EC0-301F-11D3-BF4B-00C04F79EFBC}") = "AlohaMaui.Core", "AlohaMaui.Core\AlohaMaui.Core.csproj", "{F9C50C61-890F-43CB-9B33-8BE36637714E}"
EndProject
Global
	GlobalSection(SolutionConfigurationPlatforms) = preSolution
		Debug|Any CPU = Debug|Any CPU
		Release|Any CPU = Release|Any CPU
	EndGlobalSection
	GlobalSection(ProjectConfigurationPlatforms) = postSolution
		{F7638F23-1A2D-45DF-A58E-A7A7558D8621}.Debug|Any CPU.ActiveCfg = Debug|Any CPU
		{F7638F23-1A2D-45DF-A58E-A7A7558D8621}.Debug|Any CPU.Build.0 = Debug|Any CPU
		{F7638F23-1A2D-45DF-A58E-A7A7558D8621}.Release|Any CPU.ActiveCfg = Release|Any CPU
		{F7638F23-1A2D-45DF-A58E-A7A7558D8621}.Release|Any CPU.Build.0 = Release|Any CPU
		{F9C50C61-890F-43CB-9B33-8BE36637714E}.Debug|Any CPU.ActiveCfg = Debug|Any CPU
		{F9C50C61-890F-43CB-9B33-8BE36637714E}.Debug|Any CPU.Build.0 = Debug|Any CPU
		{F9C50C61-890F-43CB-9B33-8BE36637714E}.Release|Any CPU.ActiveCfg = Release|Any CPU
		{F9C50C61-890F-43CB-9B33-8BE36637714E}.Release|Any CPU.Build.0 = Release|Any CPU
	EndGlobalSection
	GlobalSection(SolutionProperties) = preSolution
		HideSolutionNode = FALSE
	EndGlobalSection
	GlobalSection(ExtensibilityGlobals) = postSolution
		SolutionGuid = {9CDAEB56-06B0-4CA0-B071-FE5ABEC40FCC}
	EndGlobalSection
EndGlobal
